
Microsoft Visual Studio Solution File, Format Version 12.00
# Visual Studio Version 17
VisualStudioVersion = 17.14.36203.30 d17.14
MinimumVisualStudioVersion = 10.0.40219.1
Project("{FAE04EC0-301F-11D3-BF4B-00C04F79EFBC}") = "PaseDeABordar", "PaseDeABordar\PaseDeABordar.csproj", "{D6EBCCE7-F20C-4D53-96EA-2E76E07997EB}"
EndProject
Global
	GlobalSection(SolutionConfigurationPlatforms) = preSolution
		Debug|Any CPU = Debug|Any CPU
		Release|Any CPU = Release|Any CPU
	EndGlobalSection
	GlobalSection(ProjectConfigurationPlatforms) = postSolution
		{D6EBCCE7-F20C-4D53-96EA-2E76E07997EB}.Debug|Any CPU.ActiveCfg = Debug|Any CPU
		{D6EBCCE7-F20C-4D53-96EA-2E76E07997EB}.Debug|Any CPU.Build.0 = Debug|Any CPU
		{D6EBCCE7-F20C-4D53-96EA-2E76E07997EB}.Release|Any CPU.ActiveCfg = Release|Any CPU
		{D6EBCCE7-F20C-4D53-96EA-2E76E07997EB}.Release|Any CPU.Build.0 = Release|Any CPU
	EndGlobalSection
	GlobalSection(SolutionProperties) = preSolution
		HideSolutionNode = FALSE
	EndGlobalSection
	GlobalSection(ExtensibilityGlobals) = postSolution
		SolutionGuid = {7DD759C9-DB60-4ED9-8194-8FE3DCE2AD30}
	EndGlobalSection
EndGlobal
